
Microsoft Visual Studio Solution File, Format Version 12.00
# Visual Studio Version 16
VisualStudioVersion = 16.0.30104.148
MinimumVisualStudioVersion = 10.0.40219.1
Project("{FAE04EC0-301F-11D3-BF4B-00C04F79EFBC}") = "BethanysPieShop", "BethanysPieShop\BethanysPieShop.csproj", "{91A7051D-D693-4B7E-ABF0-E60969503DCC}"
EndProject
Global
	GlobalSection(SolutionConfigurationPlatforms) = preSolution
		Debug|Any CPU = Debug|Any CPU
		Release|Any CPU = Release|Any CPU
	EndGlobalSection
	GlobalSection(ProjectConfigurationPlatforms) = postSolution
		{91A7051D-D693-4B7E-ABF0-E60969503DCC}.Debug|Any CPU.ActiveCfg = Debug|Any CPU
		{91A7051D-D693-4B7E-ABF0-E60969503DCC}.Debug|Any CPU.Build.0 = Debug|Any CPU
		{91A7051D-D693-4B7E-ABF0-E60969503DCC}.Release|Any CPU.ActiveCfg = Release|Any CPU
		{91A7051D-D693-4B7E-ABF0-E60969503DCC}.Release|Any CPU.Build.0 = Release|Any CPU
	EndGlobalSection
	GlobalSection(SolutionProperties) = preSolution
		HideSolutionNode = FALSE
	EndGlobalSection
	GlobalSection(ExtensibilityGlobals) = postSolution
		SolutionGuid = {101722DE-D21D-4569-BFE0-1E0A3796D958}
	EndGlobalSection
EndGlobal
